
Microsoft Visual Studio Solution File, Format Version 12.00
# Visual Studio Version 17
VisualStudioVersion = 17.0.32112.339
MinimumVisualStudioVersion = 10.0.40219.1
Project("{FAE04EC0-301F-11D3-BF4B-00C04F79EFBC}") = "MazeGenerator", "MazeGenerator\MazeGenerator.csproj", "{0B1F5285-E711-4CD5-A069-000256BFC461}"
EndProject
Global
	GlobalSection(SolutionConfigurationPlatforms) = preSolution
		Debug|Any CPU = Debug|Any CPU
		Release|Any CPU = Release|Any CPU
	EndGlobalSection
	GlobalSection(ProjectConfigurationPlatforms) = postSolution
		{0B1F5285-E711-4CD5-A069-000256BFC461}.Debug|Any CPU.ActiveCfg = Debug|Any CPU
		{0B1F5285-E711-4CD5-A069-000256BFC461}.Debug|Any CPU.Build.0 = Debug|Any CPU
		{0B1F5285-E711-4CD5-A069-000256BFC461}.Release|Any CPU.ActiveCfg = Release|Any CPU
		{0B1F5285-E711-4CD5-A069-000256BFC461}.Release|Any CPU.Build.0 = Release|Any CPU
	EndGlobalSection
	GlobalSection(SolutionProperties) = preSolution
		HideSolutionNode = FALSE
	EndGlobalSection
	GlobalSection(ExtensibilityGlobals) = postSolution
		SolutionGuid = {5C2EC417-CE80-4DA3-AFB1-72968BEFEEC6}
	EndGlobalSection
EndGlobal
